
Microsoft Visual Studio Solution File, Format Version 12.00
# Visual Studio Version 16
VisualStudioVersion = 16.0.29020.237
MinimumVisualStudioVersion = 10.0.40219.1
Project("{9A19103F-16F7-4668-BE54-9A1E7A4F7556}") = "NewWordsRunner", "NewWordsRunner\NewWordsRunner.csproj", "{F340F28B-0AEE-46EE-8129-218296558BEE}"
EndProject
Project("{9A19103F-16F7-4668-BE54-9A1E7A4F7556}") = "NewWords.Fundation", "NewWords.Fundation\NewWords.Fundation.csproj", "{8576A458-1723-4925-986C-B9F25F17F034}"
EndProject
Project("{FAE04EC0-301F-11D3-BF4B-00C04F79EFBC}") = "NewWords", "NewWords\NewWords.csproj", "{91329293-A7E5-4BF5-8F85-57C98DC53FD6}"
EndProject
Project("{FAE04EC0-301F-11D3-BF4B-00C04F79EFBC}") = "NewWords.Core", "NewWords.Core\NewWords.Core.csproj", "{04751535-C023-4DEA-A250-CE7A1014191E}"
EndProject
Project("{FAE04EC0-301F-11D3-BF4B-00C04F79EFBC}") = "NewWord.Windows", "NewWord.Windows\NewWord.Windows.csproj", "{828BF5BA-C526-490E-BD5B-341EAB3EEC4E}"
EndProject
Global
	GlobalSection(SolutionConfigurationPlatforms) = preSolution
		Debug|Any CPU = Debug|Any CPU
		Release|Any CPU = Release|Any CPU
	EndGlobalSection
	GlobalSection(ProjectConfigurationPlatforms) = postSolution
		{F340F28B-0AEE-46EE-8129-218296558BEE}.Debug|Any CPU.ActiveCfg = Debug|Any CPU
		{F340F28B-0AEE-46EE-8129-218296558BEE}.Debug|Any CPU.Build.0 = Debug|Any CPU
		{F340F28B-0AEE-46EE-8129-218296558BEE}.Release|Any CPU.ActiveCfg = Release|Any CPU
		{F340F28B-0AEE-46EE-8129-218296558BEE}.Release|Any CPU.Build.0 = Release|Any CPU
		{8576A458-1723-4925-986C-B9F25F17F034}.Debug|Any CPU.ActiveCfg = Debug|Any CPU
		{8576A458-1723-4925-986C-B9F25F17F034}.Debug|Any CPU.Build.0 = Debug|Any CPU
		{8576A458-1723-4925-986C-B9F25F17F034}.Release|Any CPU.ActiveCfg = Release|Any CPU
		{8576A458-1723-4925-986C-B9F25F17F034}.Release|Any CPU.Build.0 = Release|Any CPU
		{91329293-A7E5-4BF5-8F85-57C98DC53FD6}.Debug|Any CPU.ActiveCfg = Debug|Any CPU
		{91329293-A7E5-4BF5-8F85-57C98DC53FD6}.Debug|Any CPU.Build.0 = Debug|Any CPU
		{91329293-A7E5-4BF5-8F85-57C98DC53FD6}.Release|Any CPU.ActiveCfg = Release|Any CPU
		{91329293-A7E5-4BF5-8F85-57C98DC53FD6}.Release|Any CPU.Build.0 = Release|Any CPU
		{04751535-C023-4DEA-A250-CE7A1014191E}.Debug|Any CPU.ActiveCfg = Debug|Any CPU
		{04751535-C023-4DEA-A250-CE7A1014191E}.Debug|Any CPU.Build.0 = Debug|Any CPU
		{04751535-C023-4DEA-A250-CE7A1014191E}.Release|Any CPU.ActiveCfg = Release|Any CPU
		{04751535-C023-4DEA-A250-CE7A1014191E}.Release|Any CPU.Build.0 = Release|Any CPU
		{828BF5BA-C526-490E-BD5B-341EAB3EEC4E}.Debug|Any CPU.ActiveCfg = Debug|Any CPU
		{828BF5BA-C526-490E-BD5B-341EAB3EEC4E}.Debug|Any CPU.Build.0 = Debug|Any CPU
		{828BF5BA-C526-490E-BD5B-341EAB3EEC4E}.Release|Any CPU.ActiveCfg = Release|Any CPU
		{828BF5BA-C526-490E-BD5B-341EAB3EEC4E}.Release|Any CPU.Build.0 = Release|Any CPU
	EndGlobalSection
	GlobalSection(SolutionProperties) = preSolution
		HideSolutionNode = FALSE
	EndGlobalSection
	GlobalSection(ExtensibilityGlobals) = postSolution
		SolutionGuid = {38ADCF97-FE95-4358-B166-B72EE4DA939E}
	EndGlobalSection
EndGlobal
